
Microsoft Visual Studio Solution File, Format Version 12.00
# Visual Studio Version 16
VisualStudioVersion = 16.0.31410.357
MinimumVisualStudioVersion = 10.0.40219.1
Project("{2150E333-8FDC-42A3-9474-1A3956D46DE8}") = "_Solution Items", "_Solution Items", "{2CCEAD4F-37B7-4329-87E7-1F048BA10EC4}"
	ProjectSection(SolutionItems) = preProject
		README.MD = README.MD
	EndProjectSection
EndProject
Project("{9A19103F-16F7-4668-BE54-9A1E7A4F7556}") = "String_Manipulation", "String_Manipulation\String_Manipulation.csproj", "{8DCA0E8D-07B3-4080-AD0E-2EB82D85ABF3}"
EndProject
Project("{9A19103F-16F7-4668-BE54-9A1E7A4F7556}") = "Abstract_Classes_ClassLibrary", "Abstract_Classes_ClassLibrary\Abstract_Classes_ClassLibrary.csproj", "{373566DD-F622-4580-B807-EB5D58ADA53E}"
EndProject
Project("{9A19103F-16F7-4668-BE54-9A1E7A4F7556}") = "Abstract_Classes_ConsoleUI", "Abstract_Classes_ConsoleUI\Abstract_Classes_ConsoleUI.csproj", "{AA921584-8D5F-459B-A455-68F96D30395D}"
EndProject
Project("{9A19103F-16F7-4668-BE54-9A1E7A4F7556}") = "Interfaces_ConsoleUI", "Interfaces_ConsoleUI\Interfaces_ConsoleUI.csproj", "{FE8011AC-F121-4F13-A08D-58AD62D6FEFA}"
EndProject
Project("{9A19103F-16F7-4668-BE54-9A1E7A4F7556}") = "Interfaces_ClassLibrary", "Interfaces_ClassLibrary\Interfaces_ClassLibrary.csproj", "{E9B5639C-85C7-4660-B209-F67A1E7AD86A}"
EndProject
Project("{2150E333-8FDC-42A3-9474-1A3956D46DE8}") = "Interfaces", "Interfaces", "{A9F1BE39-6900-40FB-99DF-56205EBE00ED}"
EndProject
Project("{2150E333-8FDC-42A3-9474-1A3956D46DE8}") = "Abstract Classes", "Abstract Classes", "{69CAA5CC-DA6A-4A21-B63C-C1EAA2E70B2B}"
EndProject
Project("{2150E333-8FDC-42A3-9474-1A3956D46DE8}") = "String Manipulation", "String Manipulation", "{9A1BBFE6-0F46-46DC-BF30-6AE1DEAAF034}"
EndProject
Project("{2150E333-8FDC-42A3-9474-1A3956D46DE8}") = "Asynchronous Programming", "Asynchronous Programming", "{33728DC0-D227-4422-A449-60A453E04185}"
EndProject
Project("{9A19103F-16F7-4668-BE54-9A1E7A4F7556}") = "Async_Programming", "Async_Programming\Async_Programming.csproj", "{98867876-EA05-4A18-8476-0C62FCBAEC99}"
EndProject
Project("{2150E333-8FDC-42A3-9474-1A3956D46DE8}") = "Dependency Injection", "Dependency Injection", "{4E002A50-8A3D-4BA0-B45F-7F37A56513E2}"
EndProject
Project("{9A19103F-16F7-4668-BE54-9A1E7A4F7556}") = "Autofac_ConsoleUI", "Autofac_ConsoleUI\Autofac_ConsoleUI.csproj", "{01E26DE0-A5E6-4AAE-8B92-75C081A97DB5}"
EndProject
Project("{9A19103F-16F7-4668-BE54-9A1E7A4F7556}") = "Autofac_ClassLibrary", "Autofac_ClassLibrary\Autofac_ClassLibrary.csproj", "{0F6EE4C4-E9A1-4E35-BC7F-5C2DBECFF97E}"
EndProject
Project("{2150E333-8FDC-42A3-9474-1A3956D46DE8}") = "Unit Testing", "Unit Testing", "{434DF68B-1463-49E7-8D67-29AA9499F60A}"
EndProject
Project("{9A19103F-16F7-4668-BE54-9A1E7A4F7556}") = "XUnitDemo_ClassLibrary", "XUnitDemo_ClassLibrary\XUnitDemo_ClassLibrary.csproj", "{1ABFE238-A7E4-43DF-9C07-7B0738E0A8C2}"
EndProject
Project("{9A19103F-16F7-4668-BE54-9A1E7A4F7556}") = "XUnitDemo_WinFormsUI", "XUnitDemo_WinFormsUI\XUnitDemo_WinFormsUI.csproj", "{DB95B9CB-032B-4667-8965-B918E71AD5CF}"
EndProject
Project("{9A19103F-16F7-4668-BE54-9A1E7A4F7556}") = "XUnitDemo_ClassLibrary.Tests", "XUnitDemo_ClassLibrary.Tests\XUnitDemo_ClassLibrary.Tests.csproj", "{9E35D003-16A3-4EFD-AAE0-5825855E07DA}"
EndProject
Project("{2150E333-8FDC-42A3-9474-1A3956D46DE8}") = "XUnit", "XUnit", "{B866C499-8DE8-4D64-9BED-72D883B88166}"
EndProject
Project("{2150E333-8FDC-42A3-9474-1A3956D46DE8}") = "XUnit1", "XUnit1", "{6B73F694-7D7F-4C58-9929-B0609AD58017}"
EndProject
Project("{2150E333-8FDC-42A3-9474-1A3956D46DE8}") = "XUnit2", "XUnit2", "{A1E9B7BE-10B5-403A-ACB0-F8E251088FA9}"
EndProject
Project("{9A19103F-16F7-4668-BE54-9A1E7A4F7556}") = "xUnitTutorial", "xUnitTutorial\xUnitTutorial.csproj", "{3F5EAEED-7C59-4404-B437-CAF6BAAF8CC5}"
EndProject
Project("{9A19103F-16F7-4668-BE54-9A1E7A4F7556}") = "Async_Advanced", "Async_Advanced\Async_Advanced.csproj", "{85F385CB-8B5E-49CF-A660-457E16CC6DA1}"
EndProject
Project("{2150E333-8FDC-42A3-9474-1A3956D46DE8}") = "Extension Methods", "Extension Methods", "{5BFF81A3-2395-4015-8E3E-5A6F5733EBCD}"
EndProject
Project("{9A19103F-16F7-4668-BE54-9A1E7A4F7556}") = "ExtensionDemo", "ExtensionDemo\ExtensionDemo.csproj", "{C31B97D5-AB20-489E-8DD3-834AAC342ED0}"
EndProject
Project("{2150E333-8FDC-42A3-9474-1A3956D46DE8}") = "Moq", "Moq", "{AD9449F2-C149-4F5A-AFF3-640D9865248A}"
EndProject
Project("{2150E333-8FDC-42A3-9474-1A3956D46DE8}") = "Records", "Records", "{F41C43DE-C944-46DE-98A9-5A3BB0145906}"
EndProject
Project("{9A19103F-16F7-4668-BE54-9A1E7A4F7556}") = "Record_Demo", "Record_Demo\Record_Demo.csproj", "{5341B6DA-8482-40EA-815F-0D483B863311}"
EndProject
Project("{2150E333-8FDC-42A3-9474-1A3956D46DE8}") = "MediatR", "MediatR", "{857773D1-496E-4E30-8DF3-F5E881646F85}"
EndProject
Project("{9A19103F-16F7-4668-BE54-9A1E7A4F7556}") = "MediatRDemo_Library", "MediatRDemo_Library\MediatRDemo_Library.csproj", "{0ED9B370-4CFE-4A51-8A87-3E1601B62F67}"
EndProject
Project("{9A19103F-16F7-4668-BE54-9A1E7A4F7556}") = "MediatRDemo_Api", "MediatRDemo_Api\MediatRDemo_Api.csproj", "{77B1D839-6890-43FC-8C9C-DA1BFAB456D2}"
EndProject
Project("{2150E333-8FDC-42A3-9474-1A3956D46DE8}") = "Handling Exceptions", "Handling Exceptions", "{3E9DC6C2-77CE-48EC-A8E4-56AE097E3875}"
EndProject
Project("{9A19103F-16F7-4668-BE54-9A1E7A4F7556}") = "ExceptionsDemo_ConsoleUI", "ExceptionsDemo_ConsoleUI\ExceptionsDemo_ConsoleUI.csproj", "{F9351808-2E98-449C-8944-268115E6B998}"
EndProject
Project("{9A19103F-16F7-4668-BE54-9A1E7A4F7556}") = "ExceptionsDemo_Library", "ExceptionsDemo_Library\ExceptionsDemo_Library.csproj", "{BF062430-ED5D-4DBA-9BF5-10AAFD56A1AF}"
EndProject
Project("{2150E333-8FDC-42A3-9474-1A3956D46DE8}") = "Moq1", "Moq1", "{EC50F2C2-ABD5-4DE8-A645-4B17463DEA78}"
EndProject
Project("{9A19103F-16F7-4668-BE54-9A1E7A4F7556}") = "MoqDemo_Library", "MoqDemo_Library\MoqDemo_Library.csproj", "{7169E40A-070F-46C4-A020-39C717C51B8F}"
EndProject
Project("{9A19103F-16F7-4668-BE54-9A1E7A4F7556}") = "MoqDemo_ConsoleUI", "MoqDemo_ConsoleUI\MoqDemo_ConsoleUI.csproj", "{BB3ADD22-C712-457B-BAB9-39B4F1521AA7}"
EndProject
Project("{9A19103F-16F7-4668-BE54-9A1E7A4F7556}") = "MoqDemo_Tests", "MoqDemo_Tests\MoqDemo_Tests.csproj", "{A117C83C-FE17-4E26-94EF-CF1C48C12FC8}"
EndProject
Project("{2150E333-8FDC-42A3-9474-1A3956D46DE8}") = "Moq2", "Moq2", "{C5E84E5D-9A51-4ED9-BADA-769B05FC0E30}"
EndProject
Project("{9A19103F-16F7-4668-BE54-9A1E7A4F7556}") = "MockWithMoq_Library", "MockWithMoq_Library\MockWithMoq_Library.csproj", "{AC689425-FD45-4388-9DDD-5D12B89B31AD}"
EndProject
Project("{9A19103F-16F7-4668-BE54-9A1E7A4F7556}") = "MockWithMoq_Library.Tests", "MockWithMoq_Library.Tests\MockWithMoq_Library.Tests.csproj", "{461B22A0-48B5-463C-9A88-FA5A3DD34266}"
EndProject
Project("{2150E333-8FDC-42A3-9474-1A3956D46DE8}") = "Worker Services", "Worker Services", "{0B464C84-F4E3-4509-983C-0F8446C33FD8}"
EndProject
Project("{FAE04EC0-301F-11D3-BF4B-00C04F79EFBC}") = "WorkerService_Microsoft", "WorkerService_Microsoft\WorkerService_Microsoft.csproj", "{940046F3-811C-47C8-9162-89F7F74B112B}"
EndProject
Global
	GlobalSection(SolutionConfigurationPlatforms) = preSolution
		Debug|Any CPU = Debug|Any CPU
		Release|Any CPU = Release|Any CPU
	EndGlobalSection
	GlobalSection(ProjectConfigurationPlatforms) = postSolution
		{8DCA0E8D-07B3-4080-AD0E-2EB82D85ABF3}.Debug|Any CPU.ActiveCfg = Debug|Any CPU
		{8DCA0E8D-07B3-4080-AD0E-2EB82D85ABF3}.Debug|Any CPU.Build.0 = Debug|Any CPU
		{8DCA0E8D-07B3-4080-AD0E-2EB82D85ABF3}.Release|Any CPU.ActiveCfg = Release|Any CPU
		{8DCA0E8D-07B3-4080-AD0E-2EB82D85ABF3}.Release|Any CPU.Build.0 = Release|Any CPU
		{373566DD-F622-4580-B807-EB5D58ADA53E}.Debug|Any CPU.ActiveCfg = Debug|Any CPU
		{373566DD-F622-4580-B807-EB5D58ADA53E}.Debug|Any CPU.Build.0 = Debug|Any CPU
		{373566DD-F622-4580-B807-EB5D58ADA53E}.Release|Any CPU.ActiveCfg = Release|Any CPU
		{373566DD-F622-4580-B807-EB5D58ADA53E}.Release|Any CPU.Build.0 = Release|Any CPU
		{AA921584-8D5F-459B-A455-68F96D30395D}.Debug|Any CPU.ActiveCfg = Debug|Any CPU
		{AA921584-8D5F-459B-A455-68F96D30395D}.Debug|Any CPU.Build.0 = Debug|Any CPU
		{AA921584-8D5F-459B-A455-68F96D30395D}.Release|Any CPU.ActiveCfg = Release|Any CPU
		{AA921584-8D5F-459B-A455-68F96D30395D}.Release|Any CPU.Build.0 = Release|Any CPU
		{FE8011AC-F121-4F13-A08D-58AD62D6FEFA}.Debug|Any CPU.ActiveCfg = Debug|Any CPU
		{FE8011AC-F121-4F13-A08D-58AD62D6FEFA}.Debug|Any CPU.Build.0 = Debug|Any CPU
		{FE8011AC-F121-4F13-A08D-58AD62D6FEFA}.Release|Any CPU.ActiveCfg = Release|Any CPU
		{FE8011AC-F121-4F13-A08D-58AD62D6FEFA}.Release|Any CPU.Build.0 = Release|Any CPU
		{E9B5639C-85C7-4660-B209-F67A1E7AD86A}.Debug|Any CPU.ActiveCfg = Debug|Any CPU
		{E9B5639C-85C7-4660-B209-F67A1E7AD86A}.Debug|Any CPU.Build.0 = Debug|Any CPU
		{E9B5639C-85C7-4660-B209-F67A1E7AD86A}.Release|Any CPU.ActiveCfg = Release|Any CPU
		{E9B5639C-85C7-4660-B209-F67A1E7AD86A}.Release|Any CPU.Build.0 = Release|Any CPU
		{98867876-EA05-4A18-8476-0C62FCBAEC99}.Debug|Any CPU.ActiveCfg = Debug|Any CPU
		{98867876-EA05-4A18-8476-0C62FCBAEC99}.Debug|Any CPU.Build.0 = Debug|Any CPU
		{98867876-EA05-4A18-8476-0C62FCBAEC99}.Release|Any CPU.ActiveCfg = Release|Any CPU
		{98867876-EA05-4A18-8476-0C62FCBAEC99}.Release|Any CPU.Build.0 = Release|Any CPU
		{01E26DE0-A5E6-4AAE-8B92-75C081A97DB5}.Debug|Any CPU.ActiveCfg = Debug|Any CPU
		{01E26DE0-A5E6-4AAE-8B92-75C081A97DB5}.Debug|Any CPU.Build.0 = Debug|Any CPU
		{01E26DE0-A5E6-4AAE-8B92-75C081A97DB5}.Release|Any CPU.ActiveCfg = Release|Any CPU
		{01E26DE0-A5E6-4AAE-8B92-75C081A97DB5}.Release|Any CPU.Build.0 = Release|Any CPU
		{0F6EE4C4-E9A1-4E35-BC7F-5C2DBECFF97E}.Debug|Any CPU.ActiveCfg = Debug|Any CPU
		{0F6EE4C4-E9A1-4E35-BC7F-5C2DBECFF97E}.Debug|Any CPU.Build.0 = Debug|Any CPU
		{0F6EE4C4-E9A1-4E35-BC7F-5C2DBECFF97E}.Release|Any CPU.ActiveCfg = Release|Any CPU
		{0F6EE4C4-E9A1-4E35-BC7F-5C2DBECFF97E}.Release|Any CPU.Build.0 = Release|Any CPU
		{1ABFE238-A7E4-43DF-9C07-7B0738E0A8C2}.Debug|Any CPU.ActiveCfg = Debug|Any CPU
		{1ABFE238-A7E4-43DF-9C07-7B0738E0A8C2}.Debug|Any CPU.Build.0 = Debug|Any CPU
		{1ABFE238-A7E4-43DF-9C07-7B0738E0A8C2}.Release|Any CPU.ActiveCfg = Release|Any CPU
		{1ABFE238-A7E4-43DF-9C07-7B0738E0A8C2}.Release|Any CPU.Build.0 = Release|Any CPU
		{DB95B9CB-032B-4667-8965-B918E71AD5CF}.Debug|Any CPU.ActiveCfg = Debug|Any CPU
		{DB95B9CB-032B-4667-8965-B918E71AD5CF}.Debug|Any CPU.Build.0 = Debug|Any CPU
		{DB95B9CB-032B-4667-8965-B918E71AD5CF}.Release|Any CPU.ActiveCfg = Release|Any CPU
		{DB95B9CB-032B-4667-8965-B918E71AD5CF}.Release|Any CPU.Build.0 = Release|Any CPU
		{9E35D003-16A3-4EFD-AAE0-5825855E07DA}.Debug|Any CPU.ActiveCfg = Debug|Any CPU
		{9E35D003-16A3-4EFD-AAE0-5825855E07DA}.Debug|Any CPU.Build.0 = Debug|Any CPU
		{9E35D003-16A3-4EFD-AAE0-5825855E07DA}.Release|Any CPU.ActiveCfg = Release|Any CPU
		{9E35D003-16A3-4EFD-AAE0-5825855E07DA}.Release|Any CPU.Build.0 = Release|Any CPU
		{3F5EAEED-7C59-4404-B437-CAF6BAAF8CC5}.Debug|Any CPU.ActiveCfg = Debug|Any CPU
		{3F5EAEED-7C59-4404-B437-CAF6BAAF8CC5}.Debug|Any CPU.Build.0 = Debug|Any CPU
		{3F5EAEED-7C59-4404-B437-CAF6BAAF8CC5}.Release|Any CPU.ActiveCfg = Release|Any CPU
		{3F5EAEED-7C59-4404-B437-CAF6BAAF8CC5}.Release|Any CPU.Build.0 = Release|Any CPU
		{85F385CB-8B5E-49CF-A660-457E16CC6DA1}.Debug|Any CPU.ActiveCfg = Debug|Any CPU
		{85F385CB-8B5E-49CF-A660-457E16CC6DA1}.Debug|Any CPU.Build.0 = Debug|Any CPU
		{85F385CB-8B5E-49CF-A660-457E16CC6DA1}.Release|Any CPU.ActiveCfg = Release|Any CPU
		{85F385CB-8B5E-49CF-A660-457E16CC6DA1}.Release|Any CPU.Build.0 = Release|Any CPU
		{C31B97D5-AB20-489E-8DD3-834AAC342ED0}.Debug|Any CPU.ActiveCfg = Debug|Any CPU
		{C31B97D5-AB20-489E-8DD3-834AAC342ED0}.Debug|Any CPU.Build.0 = Debug|Any CPU
		{C31B97D5-AB20-489E-8DD3-834AAC342ED0}.Release|Any CPU.ActiveCfg = Release|Any CPU
		{C31B97D5-AB20-489E-8DD3-834AAC342ED0}.Release|Any CPU.Build.0 = Release|Any CPU
		{5341B6DA-8482-40EA-815F-0D483B863311}.Debug|Any CPU.ActiveCfg = Debug|Any CPU
		{5341B6DA-8482-40EA-815F-0D483B863311}.Debug|Any CPU.Build.0 = Debug|Any CPU
		{5341B6DA-8482-40EA-815F-0D483B863311}.Release|Any CPU.ActiveCfg = Release|Any CPU
		{5341B6DA-8482-40EA-815F-0D483B863311}.Release|Any CPU.Build.0 = Release|Any CPU
		{0ED9B370-4CFE-4A51-8A87-3E1601B62F67}.Debug|Any CPU.ActiveCfg = Debug|Any CPU
		{0ED9B370-4CFE-4A51-8A87-3E1601B62F67}.Debug|Any CPU.Build.0 = Debug|Any CPU
		{0ED9B370-4CFE-4A51-8A87-3E1601B62F67}.Release|Any CPU.ActiveCfg = Release|Any CPU
		{0ED9B370-4CFE-4A51-8A87-3E1601B62F67}.Release|Any CPU.Build.0 = Release|Any CPU
		{77B1D839-6890-43FC-8C9C-DA1BFAB456D2}.Debug|Any CPU.ActiveCfg = Debug|Any CPU
		{77B1D839-6890-43FC-8C9C-DA1BFAB456D2}.Debug|Any CPU.Build.0 = Debug|Any CPU
		{77B1D839-6890-43FC-8C9C-DA1BFAB456D2}.Release|Any CPU.ActiveCfg = Release|Any CPU
		{77B1D839-6890-43FC-8C9C-DA1BFAB456D2}.Release|Any CPU.Build.0 = Release|Any CPU
		{F9351808-2E98-449C-8944-268115E6B998}.Debug|Any CPU.ActiveCfg = Debug|Any CPU
		{F9351808-2E98-449C-8944-268115E6B998}.Debug|Any CPU.Build.0 = Debug|Any CPU
		{F9351808-2E98-449C-8944-268115E6B998}.Release|Any CPU.ActiveCfg = Release|Any CPU
		{F9351808-2E98-449C-8944-268115E6B998}.Release|Any CPU.Build.0 = Release|Any CPU
		{BF062430-ED5D-4DBA-9BF5-10AAFD56A1AF}.Debug|Any CPU.ActiveCfg = Debug|Any CPU
		{BF062430-ED5D-4DBA-9BF5-10AAFD56A1AF}.Debug|Any CPU.Build.0 = Debug|Any CPU
		{BF062430-ED5D-4DBA-9BF5-10AAFD56A1AF}.Release|Any CPU.ActiveCfg = Release|Any CPU
		{BF062430-ED5D-4DBA-9BF5-10AAFD56A1AF}.Release|Any CPU.Build.0 = Release|Any CPU
		{7169E40A-070F-46C4-A020-39C717C51B8F}.Debug|Any CPU.ActiveCfg = Debug|Any CPU
		{7169E40A-070F-46C4-A020-39C717C51B8F}.Debug|Any CPU.Build.0 = Debug|Any CPU
		{7169E40A-070F-46C4-A020-39C717C51B8F}.Release|Any CPU.ActiveCfg = Release|Any CPU
		{7169E40A-070F-46C4-A020-39C717C51B8F}.Release|Any CPU.Build.0 = Release|Any CPU
		{BB3ADD22-C712-457B-BAB9-39B4F1521AA7}.Debug|Any CPU.ActiveCfg = Debug|Any CPU
		{BB3ADD22-C712-457B-BAB9-39B4F1521AA7}.Debug|Any CPU.Build.0 = Debug|Any CPU
		{BB3ADD22-C712-457B-BAB9-39B4F1521AA7}.Release|Any CPU.ActiveCfg = Release|Any CPU
		{BB3ADD22-C712-457B-BAB9-39B4F1521AA7}.Release|Any CPU.Build.0 = Release|Any CPU
		{A117C83C-FE17-4E26-94EF-CF1C48C12FC8}.Debug|Any CPU.ActiveCfg = Debug|Any CPU
		{A117C83C-FE17-4E26-94EF-CF1C48C12FC8}.Debug|Any CPU.Build.0 = Debug|Any CPU
		{A117C83C-FE17-4E26-94EF-CF1C48C12FC8}.Release|Any CPU.ActiveCfg = Release|Any CPU
		{A117C83C-FE17-4E26-94EF-CF1C48C12FC8}.Release|Any CPU.Build.0 = Release|Any CPU
		{AC689425-FD45-4388-9DDD-5D12B89B31AD}.Debug|Any CPU.ActiveCfg = Debug|Any CPU
		{AC689425-FD45-4388-9DDD-5D12B89B31AD}.Debug|Any CPU.Build.0 = Debug|Any CPU
		{AC689425-FD45-4388-9DDD-5D12B89B31AD}.Release|Any CPU.ActiveCfg = Release|Any CPU
		{AC689425-FD45-4388-9DDD-5D12B89B31AD}.Release|Any CPU.Build.0 = Release|Any CPU
		{461B22A0-48B5-463C-9A88-FA5A3DD34266}.Debug|Any CPU.ActiveCfg = Debug|Any CPU
		{461B22A0-48B5-463C-9A88-FA5A3DD34266}.Debug|Any CPU.Build.0 = Debug|Any CPU
		{461B22A0-48B5-463C-9A88-FA5A3DD34266}.Release|Any CPU.ActiveCfg = Release|Any CPU
		{461B22A0-48B5-463C-9A88-FA5A3DD34266}.Release|Any CPU.Build.0 = Release|Any CPU
		{940046F3-811C-47C8-9162-89F7F74B112B}.Debug|Any CPU.ActiveCfg = Debug|Any CPU
		{940046F3-811C-47C8-9162-89F7F74B112B}.Debug|Any CPU.Build.0 = Debug|Any CPU
		{940046F3-811C-47C8-9162-89F7F74B112B}.Release|Any CPU.ActiveCfg = Release|Any CPU
		{940046F3-811C-47C8-9162-89F7F74B112B}.Release|Any CPU.Build.0 = Release|Any CPU
	EndGlobalSection
	GlobalSection(SolutionProperties) = preSolution
		HideSolutionNode = FALSE
	EndGlobalSection
	GlobalSection(NestedProjects) = preSolution
		{8DCA0E8D-07B3-4080-AD0E-2EB82D85ABF3} = {9A1BBFE6-0F46-46DC-BF30-6AE1DEAAF034}
		{373566DD-F622-4580-B807-EB5D58ADA53E} = {69CAA5CC-DA6A-4A21-B63C-C1EAA2E70B2B}
		{AA921584-8D5F-459B-A455-68F96D30395D} = {69CAA5CC-DA6A-4A21-B63C-C1EAA2E70B2B}
		{FE8011AC-F121-4F13-A08D-58AD62D6FEFA} = {A9F1BE39-6900-40FB-99DF-56205EBE00ED}
		{E9B5639C-85C7-4660-B209-F67A1E7AD86A} = {A9F1BE39-6900-40FB-99DF-56205EBE00ED}
		{98867876-EA05-4A18-8476-0C62FCBAEC99} = {33728DC0-D227-4422-A449-60A453E04185}
		{01E26DE0-A5E6-4AAE-8B92-75C081A97DB5} = {4E002A50-8A3D-4BA0-B45F-7F37A56513E2}
		{0F6EE4C4-E9A1-4E35-BC7F-5C2DBECFF97E} = {4E002A50-8A3D-4BA0-B45F-7F37A56513E2}
		{1ABFE238-A7E4-43DF-9C07-7B0738E0A8C2} = {6B73F694-7D7F-4C58-9929-B0609AD58017}
		{DB95B9CB-032B-4667-8965-B918E71AD5CF} = {6B73F694-7D7F-4C58-9929-B0609AD58017}
		{9E35D003-16A3-4EFD-AAE0-5825855E07DA} = {6B73F694-7D7F-4C58-9929-B0609AD58017}
		{B866C499-8DE8-4D64-9BED-72D883B88166} = {434DF68B-1463-49E7-8D67-29AA9499F60A}
		{6B73F694-7D7F-4C58-9929-B0609AD58017} = {B866C499-8DE8-4D64-9BED-72D883B88166}
		{A1E9B7BE-10B5-403A-ACB0-F8E251088FA9} = {B866C499-8DE8-4D64-9BED-72D883B88166}
		{3F5EAEED-7C59-4404-B437-CAF6BAAF8CC5} = {A1E9B7BE-10B5-403A-ACB0-F8E251088FA9}
		{85F385CB-8B5E-49CF-A660-457E16CC6DA1} = {33728DC0-D227-4422-A449-60A453E04185}
		{C31B97D5-AB20-489E-8DD3-834AAC342ED0} = {5BFF81A3-2395-4015-8E3E-5A6F5733EBCD}
		{AD9449F2-C149-4F5A-AFF3-640D9865248A} = {434DF68B-1463-49E7-8D67-29AA9499F60A}
		{5341B6DA-8482-40EA-815F-0D483B863311} = {F41C43DE-C944-46DE-98A9-5A3BB0145906}
		{0ED9B370-4CFE-4A51-8A87-3E1601B62F67} = {857773D1-496E-4E30-8DF3-F5E881646F85}
		{77B1D839-6890-43FC-8C9C-DA1BFAB456D2} = {857773D1-496E-4E30-8DF3-F5E881646F85}
		{F9351808-2E98-449C-8944-268115E6B998} = {3E9DC6C2-77CE-48EC-A8E4-56AE097E3875}
		{BF062430-ED5D-4DBA-9BF5-10AAFD56A1AF} = {3E9DC6C2-77CE-48EC-A8E4-56AE097E3875}
		{EC50F2C2-ABD5-4DE8-A645-4B17463DEA78} = {AD9449F2-C149-4F5A-AFF3-640D9865248A}
		{7169E40A-070F-46C4-A020-39C717C51B8F} = {EC50F2C2-ABD5-4DE8-A645-4B17463DEA78}
		{BB3ADD22-C712-457B-BAB9-39B4F1521AA7} = {EC50F2C2-ABD5-4DE8-A645-4B17463DEA78}
		{A117C83C-FE17-4E26-94EF-CF1C48C12FC8} = {EC50F2C2-ABD5-4DE8-A645-4B17463DEA78}
		{C5E84E5D-9A51-4ED9-BADA-769B05FC0E30} = {AD9449F2-C149-4F5A-AFF3-640D9865248A}
		{AC689425-FD45-4388-9DDD-5D12B89B31AD} = {C5E84E5D-9A51-4ED9-BADA-769B05FC0E30}
		{461B22A0-48B5-463C-9A88-FA5A3DD34266} = {C5E84E5D-9A51-4ED9-BADA-769B05FC0E30}
		{940046F3-811C-47C8-9162-89F7F74B112B} = {0B464C84-F4E3-4509-983C-0F8446C33FD8}
	EndGlobalSection
	GlobalSection(ExtensibilityGlobals) = postSolution
		SolutionGuid = {40DD54A7-56C5-4FED-9AF4-0550D0EAF60F}
	EndGlobalSection
EndGlobal
